
Microsoft Visual Studio Solution File, Format Version 12.00
Project("{FAE04EC0-301F-11D3-BF4B-00C04F79EFBC}") = "top movie picks", "top movie picks\top movie picks.csproj", "{47DDB92A-6E57-4318-825B-7A29F5F6C14A}"
EndProject
Global
	GlobalSection(SolutionConfigurationPlatforms) = preSolution
		Debug|Any CPU = Debug|Any CPU
		Release|Any CPU = Release|Any CPU
	EndGlobalSection
	GlobalSection(ProjectConfigurationPlatforms) = postSolution
		{47DDB92A-6E57-4318-825B-7A29F5F6C14A}.Debug|Any CPU.ActiveCfg = Debug|Any CPU
		{47DDB92A-6E57-4318-825B-7A29F5F6C14A}.Debug|Any CPU.Build.0 = Debug|Any CPU
		{47DDB92A-6E57-4318-825B-7A29F5F6C14A}.Release|Any CPU.ActiveCfg = Release|Any CPU
		{47DDB92A-6E57-4318-825B-7A29F5F6C14A}.Release|Any CPU.Build.0 = Release|Any CPU
	EndGlobalSection
EndGlobal
